
Microsoft Visual Studio Solution File, Format Version 12.00
# Visual Studio 15
VisualStudioVersion = 15.0.27004.2002
MinimumVisualStudioVersion = 10.0.40219.1
Project("{FAE04EC0-301F-11D3-BF4B-00C04F79EFBC}") = "ZabbixTrapper", "ZabbixTrapper\ZabbixTrapper.csproj", "{434AA7AB-CC6A-4C78-8A61-9AF9851A2020}"
EndProject
Project("{E53339B2-1760-4266-BCC7-CA923CBCF16C}") = "docker-compose", "docker-compose.dcproj", "{2388A9FD-FE0F-4E1E-92D2-AAFEEA76BFA6}"
EndProject
Global
	GlobalSection(SolutionConfigurationPlatforms) = preSolution
		Debug|Any CPU = Debug|Any CPU
		Release|Any CPU = Release|Any CPU
	EndGlobalSection
	GlobalSection(ProjectConfigurationPlatforms) = postSolution
		{434AA7AB-CC6A-4C78-8A61-9AF9851A2020}.Debug|Any CPU.ActiveCfg = Debug|Any CPU
		{434AA7AB-CC6A-4C78-8A61-9AF9851A2020}.Debug|Any CPU.Build.0 = Debug|Any CPU
		{434AA7AB-CC6A-4C78-8A61-9AF9851A2020}.Release|Any CPU.ActiveCfg = Release|Any CPU
		{434AA7AB-CC6A-4C78-8A61-9AF9851A2020}.Release|Any CPU.Build.0 = Release|Any CPU
		{2388A9FD-FE0F-4E1E-92D2-AAFEEA76BFA6}.Debug|Any CPU.ActiveCfg = Debug|Any CPU
		{2388A9FD-FE0F-4E1E-92D2-AAFEEA76BFA6}.Debug|Any CPU.Build.0 = Debug|Any CPU
		{2388A9FD-FE0F-4E1E-92D2-AAFEEA76BFA6}.Release|Any CPU.ActiveCfg = Release|Any CPU
		{2388A9FD-FE0F-4E1E-92D2-AAFEEA76BFA6}.Release|Any CPU.Build.0 = Release|Any CPU
	EndGlobalSection
	GlobalSection(SolutionProperties) = preSolution
		HideSolutionNode = FALSE
	EndGlobalSection
	GlobalSection(ExtensibilityGlobals) = postSolution
		SolutionGuid = {C20E584F-C0F1-4941-9E9E-B3C11BB8AD6C}
	EndGlobalSection
EndGlobal
